<?xml version="1.0" encoding="utf-8"?>
<Project ToolsVersion="4.0" xmlns="http://schemas.microsoft.com/developer/msbuild/2003">
  <ItemGroup>
    <Filter Include="system">
      <UniqueIdentifier>{22dd8095-74f9-46df-81a1-36675a040b1f}</UniqueIdentifier>
    </Filter>
  </ItemGroup>
  <ItemGroup>
    <ClCompile Include="stdafx.cpp" />
    <ClCompile Include="main.cpp" />
    <ClCompile Include="system\system.cpp">
      <Filter>system</Filter>
    </ClCompile>
    <ClCompile Include="Game.cpp" />
    <ClCompile Include="BackGround.cpp" />
    <ClCompile Include="GameCamera.cpp" />
    <ClCompile Include="GameClear.cpp" />
    <ClCompile Include="GameOver.cpp" />
    <ClCompile Include="Item.cpp" />
    <ClCompile Include="Player.cpp" />
    <ClCompile Include="Title.cpp" />
    <ClCompile Include="Boat.cpp" />
    <ClCompile Include="Arrow.cpp" />
    <ClCompile Include="Status.cpp" />
    <ClCompile Include="Boss.cpp" />
    <ClCompile Include="Enemy.cpp" />
    <ClCompile Include="Assist.cpp" />
    <ClCompile Include="Enemy2.cpp" />
    <ClCompile Include="Enemy3.cpp" />
    <ClCompile Include="Rock.cpp" />
    <ClCompile Include="Sky.cpp" />
  </ItemGroup>
  <ItemGroup>
    <ClInclude Include="stdafx.h" />
    <ClInclude Include="system\system.h">
      <Filter>system</Filter>
    </ClInclude>
    <ClInclude Include="Game.h" />
    <ClInclude Include="BackGround.h" />
    <ClInclude Include="GameCamera.h" />
    <ClInclude Include="GameClear.h" />
    <ClInclude Include="GameOver.h" />
    <ClInclude Include="Item.h" />
    <ClInclude Include="Player.h" />
    <ClInclude Include="Title.h" />
    <ClInclude Include="Status.h" />
    <ClInclude Include="Boat.h" />
    <ClInclude Include="Arrow.h" />
    <ClInclude Include="Boss.h" />
    <ClInclude Include="Enemy.h" />
    <ClInclude Include="Assist.h" />
    <ClInclude Include="Enemy2.h" />
    <ClInclude Include="Enemy3.h" />
    <ClInclude Include="Rock.h" />
    <ClInclude Include="Sky.h" />
  </ItemGroup>
</Project>